# @generated by Move, please check-in and do not edit manually.

[move]
version = 3
manifest_digest = "400DEEC20F539FDB599108631DB5295160BE624C91498D09184E827136C51FEC"
deps_digest = "F8BBB0CCB2491CA29A3DF03D6F92277A4F3574266507ACD77214D37ECA3F3082"
dependencies = [
  { id = "Iota", name = "Iota" },
]

[[move.package]]
id = "Iota"
source = { git = "https://github.com/iotaledger/iota.git", rev = "develop", subdir = "crates/iota-framework/packages/iota-framework" }

dependencies = [
  { id = "MoveStdlib", name = "MoveStdlib" },
]

[[move.package]]
id = "MoveStdlib"
source = { git = "https://github.com/iotaledger/iota.git", rev = "develop", subdir = "crates/iota-framework/packages/move-stdlib" }

[move.toolchain-version]
compiler-version = "1.12.0-rc"
edition = "2024.beta"
flavor = "iota"

[env]

[env.testnet]
chain-id = "2304aa97"
original-published-id = "0xd7ac830368a546c3214a4bb3c3951378e84322f883ef897bb03e7ca59167ab2e"
latest-published-id = "0xd7ac830368a546c3214a4bb3c3951378e84322f883ef897bb03e7ca59167ab2e"
published-version = "1"
